
Microsoft Visual Studio Solution File, Format Version 12.00
# Visual Studio 14
VisualStudioVersion = 14.0.22512.0
MinimumVisualStudioVersion = 10.0.40219.1
Project("{FAE04EC0-301F-11D3-BF4B-00C04F79EFBC}") = "Test.Driver", "Test.Driver\Test.Driver.csproj", "{6086577B-808A-46D8-B12C-578BCA2D899D}"
EndProject
Project("{2150E333-8FDC-42A3-9474-1A3956D46DE8}") = ".nuget", ".nuget", "{38EE9525-B9B7-479C-A93E-D6BF095346AC}"
	ProjectSection(SolutionItems) = preProject
		.nuget\packages.config = .nuget\packages.config
	EndProjectSection
EndProject
Global
	GlobalSection(SolutionConfigurationPlatforms) = preSolution
		Debug|Any CPU = Debug|Any CPU
		Release|Any CPU = Release|Any CPU
	EndGlobalSection
	GlobalSection(ProjectConfigurationPlatforms) = postSolution
		{6086577B-808A-46D8-B12C-578BCA2D899D}.Debug|Any CPU.ActiveCfg = Debug|Any CPU
		{6086577B-808A-46D8-B12C-578BCA2D899D}.Debug|Any CPU.Build.0 = Debug|Any CPU
		{6086577B-808A-46D8-B12C-578BCA2D899D}.Release|Any CPU.ActiveCfg = Release|Any CPU
		{6086577B-808A-46D8-B12C-578BCA2D899D}.Release|Any CPU.Build.0 = Release|Any CPU
	EndGlobalSection
	GlobalSection(SolutionProperties) = preSolution
		HideSolutionNode = FALSE
	EndGlobalSection
EndGlobal
